
Microsoft Visual Studio Solution File, Format Version 12.00
# Visual Studio Version 16
VisualStudioVersion = 16.0.33423.256
MinimumVisualStudioVersion = 10.0.40219.1
Project("{FAE04EC0-301F-11D3-BF4B-00C04F79EFBC}") = "task1-week10-pd", "task1-week10-pd\task1-week10-pd.csproj", "{986FDE8B-005C-429E-8607-FDC6AB947E48}"
EndProject
Global
	GlobalSection(SolutionConfigurationPlatforms) = preSolution
		Debug|Any CPU = Debug|Any CPU
		Release|Any CPU = Release|Any CPU
	EndGlobalSection
	GlobalSection(ProjectConfigurationPlatforms) = postSolution
		{986FDE8B-005C-429E-8607-FDC6AB947E48}.Debug|Any CPU.ActiveCfg = Debug|Any CPU
		{986FDE8B-005C-429E-8607-FDC6AB947E48}.Debug|Any CPU.Build.0 = Debug|Any CPU
		{986FDE8B-005C-429E-8607-FDC6AB947E48}.Release|Any CPU.ActiveCfg = Release|Any CPU
		{986FDE8B-005C-429E-8607-FDC6AB947E48}.Release|Any CPU.Build.0 = Release|Any CPU
	EndGlobalSection
	GlobalSection(SolutionProperties) = preSolution
		HideSolutionNode = FALSE
	EndGlobalSection
	GlobalSection(ExtensibilityGlobals) = postSolution
		SolutionGuid = {0E032115-8CD5-46BF-8FC7-ED9081BC766C}
	EndGlobalSection
EndGlobal
