
Microsoft Visual Studio Solution File, Format Version 12.00
# Visual Studio Version 16
VisualStudioVersion = 16.0.33423.256
MinimumVisualStudioVersion = 10.0.40219.1
Project("{FAE04EC0-301F-11D3-BF4B-00C04F79EFBC}") = "week06-taskno1", "week06-taskno1\week06-taskno1.csproj", "{48279308-47BF-4FA5-801D-56281C07E5EE}"
EndProject
Global
	GlobalSection(SolutionConfigurationPlatforms) = preSolution
		Debug|Any CPU = Debug|Any CPU
		Release|Any CPU = Release|Any CPU
	EndGlobalSection
	GlobalSection(ProjectConfigurationPlatforms) = postSolution
		{48279308-47BF-4FA5-801D-56281C07E5EE}.Debug|Any CPU.ActiveCfg = Debug|Any CPU
		{48279308-47BF-4FA5-801D-56281C07E5EE}.Debug|Any CPU.Build.0 = Debug|Any CPU
		{48279308-47BF-4FA5-801D-56281C07E5EE}.Release|Any CPU.ActiveCfg = Release|Any CPU
		{48279308-47BF-4FA5-801D-56281C07E5EE}.Release|Any CPU.Build.0 = Release|Any CPU
	EndGlobalSection
	GlobalSection(SolutionProperties) = preSolution
		HideSolutionNode = FALSE
	EndGlobalSection
	GlobalSection(ExtensibilityGlobals) = postSolution
		SolutionGuid = {DEFC0BD8-B113-461A-8413-FE8DB964EB6E}
	EndGlobalSection
EndGlobal
