
Microsoft Visual Studio Solution File, Format Version 12.00
# Visual Studio Version 16
VisualStudioVersion = 16.0.33423.256
MinimumVisualStudioVersion = 10.0.40219.1
Project("{FAE04EC0-301F-11D3-BF4B-00C04F79EFBC}") = "OOPlab_2", "OOPlab_2\OOPlab_2.csproj", "{C5BCA58D-A88B-4E48-A3DD-7A16F4C1B0F0}"
EndProject
Global
	GlobalSection(SolutionConfigurationPlatforms) = preSolution
		Debug|Any CPU = Debug|Any CPU
		Release|Any CPU = Release|Any CPU
	EndGlobalSection
	GlobalSection(ProjectConfigurationPlatforms) = postSolution
		{C5BCA58D-A88B-4E48-A3DD-7A16F4C1B0F0}.Debug|Any CPU.ActiveCfg = Debug|Any CPU
		{C5BCA58D-A88B-4E48-A3DD-7A16F4C1B0F0}.Debug|Any CPU.Build.0 = Debug|Any CPU
		{C5BCA58D-A88B-4E48-A3DD-7A16F4C1B0F0}.Release|Any CPU.ActiveCfg = Release|Any CPU
		{C5BCA58D-A88B-4E48-A3DD-7A16F4C1B0F0}.Release|Any CPU.Build.0 = Release|Any CPU
	EndGlobalSection
	GlobalSection(SolutionProperties) = preSolution
		HideSolutionNode = FALSE
	EndGlobalSection
	GlobalSection(ExtensibilityGlobals) = postSolution
		SolutionGuid = {23F2B175-E9BC-4AE2-842B-9E6304187880}
	EndGlobalSection
EndGlobal
