
Microsoft Visual Studio Solution File, Format Version 12.00
# Visual Studio Version 16
VisualStudioVersion = 16.0.33423.256
MinimumVisualStudioVersion = 10.0.40219.1
Project("{FAE04EC0-301F-11D3-BF4B-00C04F79EFBC}") = "week8-task1", "week8-task1\week8-task1.csproj", "{11041A1A-029A-4935-B0C8-58AEE6E38244}"
EndProject
Global
	GlobalSection(SolutionConfigurationPlatforms) = preSolution
		Debug|Any CPU = Debug|Any CPU
		Release|Any CPU = Release|Any CPU
	EndGlobalSection
	GlobalSection(ProjectConfigurationPlatforms) = postSolution
		{11041A1A-029A-4935-B0C8-58AEE6E38244}.Debug|Any CPU.ActiveCfg = Debug|Any CPU
		{11041A1A-029A-4935-B0C8-58AEE6E38244}.Debug|Any CPU.Build.0 = Debug|Any CPU
		{11041A1A-029A-4935-B0C8-58AEE6E38244}.Release|Any CPU.ActiveCfg = Release|Any CPU
		{11041A1A-029A-4935-B0C8-58AEE6E38244}.Release|Any CPU.Build.0 = Release|Any CPU
	EndGlobalSection
	GlobalSection(SolutionProperties) = preSolution
		HideSolutionNode = FALSE
	EndGlobalSection
	GlobalSection(ExtensibilityGlobals) = postSolution
		SolutionGuid = {E64B1019-A309-4F4B-86D6-8EF738378484}
	EndGlobalSection
EndGlobal
