
Microsoft Visual Studio Solution File, Format Version 12.00
# Visual Studio Version 16
VisualStudioVersion = 16.0.33423.256
MinimumVisualStudioVersion = 10.0.40219.1
Project("{FAE04EC0-301F-11D3-BF4B-00C04F79EFBC}") = "week-06pd-cards", "week-06pd-cards\week-06pd-cards.csproj", "{3764CA6A-CE39-4049-8811-5859F523A198}"
EndProject
Global
	GlobalSection(SolutionConfigurationPlatforms) = preSolution
		Debug|Any CPU = Debug|Any CPU
		Release|Any CPU = Release|Any CPU
	EndGlobalSection
	GlobalSection(ProjectConfigurationPlatforms) = postSolution
		{3764CA6A-CE39-4049-8811-5859F523A198}.Debug|Any CPU.ActiveCfg = Debug|Any CPU
		{3764CA6A-CE39-4049-8811-5859F523A198}.Debug|Any CPU.Build.0 = Debug|Any CPU
		{3764CA6A-CE39-4049-8811-5859F523A198}.Release|Any CPU.ActiveCfg = Release|Any CPU
		{3764CA6A-CE39-4049-8811-5859F523A198}.Release|Any CPU.Build.0 = Release|Any CPU
	EndGlobalSection
	GlobalSection(SolutionProperties) = preSolution
		HideSolutionNode = FALSE
	EndGlobalSection
	GlobalSection(ExtensibilityGlobals) = postSolution
		SolutionGuid = {1D425F01-D2E1-4559-BF6C-6779A861447F}
	EndGlobalSection
EndGlobal
