
Microsoft Visual Studio Solution File, Format Version 12.00
# Visual Studio Version 17
VisualStudioVersion = 17.5.33627.172
MinimumVisualStudioVersion = 10.0.40219.1
Project("{FAE04EC0-301F-11D3-BF4B-00C04F79EFBC}") = "practice", "practice.csproj", "{06E1258A-42F5-4E9A-8222-178A5EC48BC5}"
EndProject
Global
	GlobalSection(SolutionConfigurationPlatforms) = preSolution
		Debug|Any CPU = Debug|Any CPU
		Release|Any CPU = Release|Any CPU
	EndGlobalSection
	GlobalSection(ProjectConfigurationPlatforms) = postSolution
		{06E1258A-42F5-4E9A-8222-178A5EC48BC5}.Debug|Any CPU.ActiveCfg = Debug|Any CPU
		{06E1258A-42F5-4E9A-8222-178A5EC48BC5}.Debug|Any CPU.Build.0 = Debug|Any CPU
		{06E1258A-42F5-4E9A-8222-178A5EC48BC5}.Release|Any CPU.ActiveCfg = Release|Any CPU
		{06E1258A-42F5-4E9A-8222-178A5EC48BC5}.Release|Any CPU.Build.0 = Release|Any CPU
	EndGlobalSection
	GlobalSection(SolutionProperties) = preSolution
		HideSolutionNode = FALSE
	EndGlobalSection
	GlobalSection(ExtensibilityGlobals) = postSolution
		SolutionGuid = {7D2C5198-F8E2-4AA7-A55D-70480B584C58}
	EndGlobalSection
EndGlobal
